// !$*UTF8*$!
{
	archiveVersion = 1;
	classes = {
	};
	objectVersion = 50;
	objects = {

/* Begin PBXBuildFile section */
		B5212C3F28477D1E00F01451 /* AppDelegate.swift in Sources */ = {isa = PBXBuildFile; fileRef = B5212C3E28477D1E00F01451 /* AppDelegate.swift */; };
		B5212C4128477D1E00F01451 /* SceneDelegate.swift in Sources */ = {isa = PBXBuildFile; fileRef = B5212C4028477D1E00F01451 /* SceneDelegate.swift */; };
		B5212C4628477D1E00F01451 /* Main.storyboard in Resources */ = {isa = PBXBuildFile; fileRef = B5212C4428477D1E00F01451 /* Main.storyboard */; };
		B5212C4828477D2800F01451 /* Assets.xcassets in Resources */ = {isa = PBXBuildFile; fileRef = B5212C4728477D2800F01451 /* Assets.xcassets */; };
		B5212C4B28477D2800F01451 /* LaunchScreen.storyboard in Resources */ = {isa = PBXBuildFile; fileRef = B5212C4928477D2800F01451 /* LaunchScreen.storyboard */; };
		B5212C53284794B600F01451 /* TableViewController.swift in Sources */ = {isa = PBXBuildFile; fileRef = B5212C52284794B600F01451 /* TableViewController.swift */; };
		B5212C552847951100F01451 /* AddViewController.swift in Sources */ = {isa = PBXBuildFile; fileRef = B5212C542847951100F01451 /* AddViewController.swift */; };
		B5212C572847953D00F01451 /* DetailViewController.swift in Sources */ = {isa = PBXBuildFile; fileRef = B5212C562847953D00F01451 /* DetailViewController.swift */; };
		B5212C5B2848EA3000F01451 /* pencil.png in Resources */ = {isa = PBXBuildFile; fileRef = B5212C582848EA3000F01451 /* pencil.png */; };
		B5212C5C2848EA3000F01451 /* cart.png in Resources */ = {isa = PBXBuildFile; fileRef = B5212C592848EA3000F01451 /* cart.png */; };
		B5212C5D2848EA3000F01451 /* clock.png in Resources */ = {isa = PBXBuildFile; fileRef = B5212C5A2848EA3000F01451 /* clock.png */; };
/* End PBXBuildFile section */

/* Begin PBXFileReference section */
		B5212C3B28477D1E00F01451 /* SimpleTable.app */ = {isa = PBXFileReference; explicitFileType = wrapper.application; includeInIndex = 0; path = SimpleTable.app; sourceTree = BUILT_PRODUCTS_DIR; };
		B5212C3E28477D1E00F01451 /* AppDelegate.swift */ = {isa = PBXFileReference; lastKnownFileType = sourcecode.swift; path = AppDelegate.swift; sourceTree = "<group>"; };
		B5212C4028477D1E00F01451 /* SceneDelegate.swift */ = {isa = PBXFileReference; lastKnownFileType = sourcecode.swift; path = SceneDelegate.swift; sourceTree = "<group>"; };
		B5212C4528477D1E00F01451 /* Base */ = {isa = PBXFileReference; lastKnownFileType = file.storyboard; name = Base; path = Base.lproj/Main.storyboard; sourceTree = "<group>"; };
		B5212C4728477D2800F01451 /* Assets.xcassets */ = {isa = PBXFileReference; lastKnownFileType = folder.assetcatalog; path = Assets.xcassets; sourceTree = "<group>"; };
		B5212C4A28477D2800F01451 /* Base */ = {isa = PBXFileReference; lastKnownFileType = file.storyboard; name = Base; path = Base.lproj/LaunchScreen.storyboard; sourceTree = "<group>"; };
		B5212C4C28477D2800F01451 /* Info.plist */ = {isa = PBXFileReference; lastKnownFileType = text.plist.xml; path = Info.plist; sourceTree = "<group>"; };
		B5212C52284794B600F01451 /* TableViewController.swift */ = {isa = PBXFileReference; lastKnownFileType = sourcecode.swift; path = TableViewController.swift; sourceTree = "<group>"; };
		B5212C542847951100F01451 /* AddViewController.swift */ = {isa = PBXFileReference; lastKnownFileType = sourcecode.swift; path = AddViewController.swift; sourceTree = "<group>"; };
		B5212C562847953D00F01451 /* DetailViewController.swift */ = {isa = PBXFileReference; lastKnownFileType = sourcecode.swift; path = DetailViewController.swift; sourceTree = "<group>"; };
		B5212C582848EA3000F01451 /* pencil.png */ = {isa = PBXFileReference; lastKnownFileType = image.png; path = pencil.png; sourceTree = "<group>"; };
		B5212C592848EA3000F01451 /* cart.png */ = {isa = PBXFileReference; lastKnownFileType = image.png; path = cart.png; sourceTree = "<group>"; };
		B5212C5A2848EA3000F01451 /* clock.png */ = {isa = PBXFileReference; lastKnownFileType = image.png; path = clock.png; sourceTree = "<group>"; };
/* End PBXFileReference section */

/* Begin PBXFrameworksBuildPhase section */
		B5212C3828477D1E00F01451 /* Frameworks */ = {
			isa = PBXFrameworksBuildPhase;
			buildActionMask = 2147483647;
			files = (
			);
			runOnlyForDeploymentPostprocessing = 0;
		};
/* End PBXFrameworksBuildPhase section */

/* Begin PBXGroup section */
		B5212C3228477D1E00F01451 = {
			isa = PBXGroup;
			children = (
				B5212C3D28477D1E00F01451 /* SimpleTable */,
				B5212C3C28477D1E00F01451 /* Products */,
			);
			sourceTree = "<group>";
		};
		B5212C3C28477D1E00F01451 /* Products */ = {
			isa = PBXGroup;
			children = (
				B5212C3B28477D1E00F01451 /* SimpleTable.app */,
			);
			name = Products;
			sourceTree = "<group>";
		};
		B5212C3D28477D1E00F01451 /* SimpleTable */ = {
			isa = PBXGroup;
			children = (
				B5212C592848EA3000F01451 /* cart.png */,
				B5212C5A2848EA3000F01451 /* clock.png */,
				B5212C582848EA3000F01451 /* pencil.png */,
				B5212C562847953D00F01451 /* DetailViewController.swift */,
				B5212C542847951100F01451 /* AddViewController.swift */,
				B5212C52284794B600F01451 /* TableViewController.swift */,
				B5212C3E28477D1E00F01451 /* AppDelegate.swift */,
				B5212C4028477D1E00F01451 /* SceneDelegate.swift */,
				B5212C4428477D1E00F01451 /* Main.storyboard */,
				B5212C4728477D2800F01451 /* Assets.xcassets */,
				B5212C4928477D2800F01451 /* LaunchScreen.storyboard */,
				B5212C4C28477D2800F01451 /* Info.plist */,
			);
			path = SimpleTable;
			sourceTree = "<group>";
		};
/* End PBXGroup section */

/* Begin PBXNativeTarget section */
		B5212C3A28477D1E00F01451 /* SimpleTable */ = {
			isa = PBXNativeTarget;
			buildConfigurationList = B5212C4F28477D2800F01451 /* Build configuration list for PBXNativeTarget "SimpleTable" */;
			buildPhases = (
				B5212C3728477D1E00F01451 /* Sources */,
				B5212C3828477D1E00F01451 /* Frameworks */,
				B5212C3928477D1E00F01451 /* Resources */,
			);
			buildRules = (
			);
			dependencies = (
			);
			name = SimpleTable;
			productName = SimpleTable;
			productReference = B5212C3B28477D1E00F01451 /* SimpleTable.app */;
			productType = "com.apple.product-type.application";
		};
/* End PBXNativeTarget section */

/* Begin PBXProject section */
		B5212C3328477D1E00F01451 /* Project object */ = {
			isa = PBXProject;
			attributes = {
				LastSwiftUpdateCheck = 1140;
				LastUpgradeCheck = 1140;
				ORGANIZATIONNAME = cbycongbab;
				TargetAttributes = {
					B5212C3A28477D1E00F01451 = {
						CreatedOnToolsVersion = 11.4.1;
					};
				};
			};
			buildConfigurationList = B5212C3628477D1E00F01451 /* Build configuration list for PBXProject "SimpleTable" */;
			compatibilityVersion = "Xcode 9.3";
			developmentRegion = en;
			hasScannedForEncodings = 0;
			knownRegions = (
				en,
				Base,
			);
			mainGroup = B5212C3228477D1E00F01451;
			productRefGroup = B5212C3C28477D1E00F01451 /* Products */;
			projectDirPath = "";
			projectRoot = "";
			targets = (
				B5212C3A28477D1E00F01451 /* SimpleTable */,
			);
		};
/* End PBXProject section */

/* Begin PBXResourcesBuildPhase section */
		B5212C3928477D1E00F01451 /* Resources */ = {
			isa = PBXResourcesBuildPhase;
			buildActionMask = 2147483647;
			files = (
				B5212C5D2848EA3000F01451 /* clock.png in Resources */,
				B5212C5B2848EA3000F01451 /* pencil.png in Resources */,
				B5212C5C2848EA3000F01451 /* cart.png in Resources */,
				B5212C4B28477D2800F01451 /* LaunchScreen.storyboard in Resources */,
				B5212C4828477D2800F01451 /* Assets.xcassets in Resources */,
				B5212C4628477D1E00F01451 /* Main.storyboard in Resources */,
			);
			runOnlyForDeploymentPostprocessing = 0;
		};
/* End PBXResourcesBuildPhase section */

/* Begin PBXSourcesBuildPhase section */
		B5212C3728477D1E00F01451 /* Sources */ = {
			isa = PBXSourcesBuildPhase;
			buildActionMask = 2147483647;
			files = (
				B5212C3F28477D1E00F01451 /* AppDelegate.swift in Sources */,
				B5212C53284794B600F01451 /* TableViewController.swift in Sources */,
				B5212C572847953D00F01451 /* DetailViewController.swift in Sources */,
				B5212C552847951100F01451 /* AddViewController.swift in Sources */,
				B5212C4128477D1E00F01451 /* SceneDelegate.swift in Sources */,
			);
			runOnlyForDeploymentPostprocessing = 0;
		};
/* End PBXSourcesBuildPhase section */

/* Begin PBXVariantGroup section */
		B5212C4428477D1E00F01451 /* Main.storyboard */ = {
			isa = PBXVariantGroup;
			children = (
				B5212C4528477D1E00F01451 /* Base */,
			);
			name = Main.storyboard;
			sourceTree = "<group>";
		};
		B5212C4928477D2800F01451 /* LaunchScreen.storyboard */ = {
			isa = PBXVariantGroup;
			children = (
				B5212C4A28477D2800F01451 /* Base */,
			);
			name = LaunchScreen.storyboard;
			sourceTree = "<group>";
		};
/* End PBXVariantGroup section */

/* Begin XCBuildConfiguration section */
		B5212C4D28477D2800F01451 /* Debug */ = {
			isa = XCBuildConfiguration;
			buildSettings = {
				ALWAYS_SEARCH_USER_PATHS = NO;
				CLANG_ANALYZER_NONNULL = YES;
				CLANG_ANALYZER_NUMBER_OBJECT_CONVERSION = YES_AGGRESSIVE;
				CLANG_CXX_LANGUAGE_STANDARD = "gnu++14";
				CLANG_CXX_LIBRARY = "libc++";
				CLANG_ENABLE_MODULES = YES;
				CLANG_ENABLE_OBJC_ARC = YES;
				CLANG_ENABLE_OBJC_WEAK = YES;
				CLANG_WARN_BLOCK_CAPTURE_AUTORELEASING = YES;
				CLANG_WARN_BOOL_CONVERSION = YES;
				CLANG_WARN_COMMA = YES;
				CLANG_WARN_CONSTANT_CONVERSION = YES;
				CLANG_WARN_DEPRECATED_OBJC_IMPLEMENTATIONS = YES;
				CLANG_WARN_DIRECT_OBJC_ISA_USAGE = YES_ERROR;
				CLANG_WARN_DOCUMENTATION_COMMENTS = YES;
				CLANG_WARN_EMPTY_BODY = YES;
				CLANG_WARN_ENUM_CONVERSION = YES;
				CLANG_WARN_INFINITE_RECURSION = YES;
				CLANG_WARN_INT_CONVERSION = YES;
				CLANG_WARN_NON_LITERAL_NULL_CONVERSION = YES;
				CLANG_WARN_OBJC_IMPLICIT_RETAIN_SELF = YES;
				CLANG_WARN_OBJC_LITERAL_CONVERSION = YES;
				CLANG_WARN_OBJC_ROOT_CLASS = YES_ERROR;
				CLANG_WARN_RANGE_LOOP_ANALYSIS = YES;
				CLANG_WARN_STRICT_PROTOTYPES = YES;
				CLANG_WARN_SUSPICIOUS_MOVE = YES;
				CLANG_WARN_UNGUARDED_AVAILABILITY = YES_AGGRESSIVE;
				CLANG_WARN_UNREACHABLE_CODE = YES;
				CLANG_WARN__DUPLICATE_METHOD_MATCH = YES;
				COPY_PHASE_STRIP = NO;
				DEBUG_INFORMATION_FORMAT = dwarf;
				ENABLE_STRICT_OBJC_MSGSEND = YES;
				ENABLE_TESTABILITY = YES;
				GCC_C_LANGUAGE_STANDARD = gnu11;
				GCC_DYNAMIC_NO_PIC = NO;
				GCC_NO_COMMON_BLOCKS = YES;
				GCC_OPTIMIZATION_LEVEL = 0;
				GCC_PREPROCESSOR_DEFINITIONS = (
					"DEBUG=1",
					"$(inherited)",
				);
				GCC_WARN_64_TO_32_BIT_CONVERSION = YES;
				GCC_WARN_ABOUT_RETURN_TYPE = YES_ERROR;
				GCC_WARN_UNDECLARED_SELECTOR = YES;
				GCC_WARN_UNINITIALIZED_AUTOS = YES_AGGRESSIVE;
				GCC_WARN_UNUSED_FUNCTION = YES;
				GCC_WARN_UNUSED_VARIABLE = YES;
				IPHONEOS_DEPLOYMENT_TARGET = 13.4;
				MTL_ENABLE_DEBUG_INFO = INCLUDE_SOURCE;
				MTL_FAST_MATH = YES;
				ONLY_ACTIVE_ARCH = YES;
				SDKROOT = iphoneos;
				SWIFT_ACTIVE_COMPILATION_CONDITIONS = DEBUG;
				SWIFT_OPTIMIZATION_LEVEL = "-Onone";
			};
			name = Debug;
		};
		B5212C4E28477D2800F01451 /* Release */ = {
			isa = XCBuildConfiguration;
			buildSettings = {
				ALWAYS_SEARCH_USER_PATHS = NO;
				CLANG_ANALYZER_NONNULL = YES;
				CLANG_ANALYZER_NUMBER_OBJECT_CONVERSION = YES_AGGRESSIVE;
				CLANG_CXX_LANGUAGE_STANDARD = "gnu++14";
				CLANG_CXX_LIBRARY = "libc++";
				CLANG_ENABLE_MODULES = YES;
				CLANG_ENABLE_OBJC_ARC = YES;
				CLANG_ENABLE_OBJC_WEAK = YES;
				CLANG_WARN_BLOCK_CAPTURE_AUTORELEASING = YES;
				CLANG_WARN_BOOL_CONVERSION = YES;
				CLANG_WARN_COMMA = YES;
				CLANG_WARN_CONSTANT_CONVERSION = YES;
				CLANG_WARN_DEPRECATED_OBJC_IMPLEMENTATIONS = YES;
				CLANG_WARN_DIRECT_OBJC_ISA_USAGE = YES_ERROR;
				CLANG_WARN_DOCUMENTATION_COMMENTS = YES;
				CLANG_WARN_EMPTY_BODY = YES;
				CLANG_WARN_ENUM_CONVERSION = YES;
				CLANG_WARN_INFINITE_RECURSION = YES;
				CLANG_WARN_INT_CONVERSION = YES;
				CLANG_WARN_NON_LITERAL_NULL_CONVERSION = YES;
				CLANG_WARN_OBJC_IMPLICIT_RETAIN_SELF = YES;
				CLANG_WARN_OBJC_LITERAL_CONVERSION = YES;
				CLANG_WARN_OBJC_ROOT_CLASS = YES_ERROR;
				CLANG_WARN_RANGE_LOOP_ANALYSIS = YES;
				CLANG_WARN_STRICT_PROTOTYPES = YES;
				CLANG_WARN_SUSPICIOUS_MOVE = YES;
				CLANG_WARN_UNGUARDED_AVAILABILITY = YES_AGGRESSIVE;
				CLANG_WARN_UNREACHABLE_CODE = YES;
				CLANG_WARN__DUPLICATE_METHOD_MATCH = YES;
				COPY_PHASE_STRIP = NO;
				DEBUG_INFORMATION_FORMAT = "dwarf-with-dsym";
				ENABLE_NS_ASSERTIONS = NO;
				ENABLE_STRICT_OBJC_MSGSEND = YES;
				GCC_C_LANGUAGE_STANDARD = gnu11;
				GCC_NO_COMMON_BLOCKS = YES;
				GCC_WARN_64_TO_32_BIT_CONVERSION = YES;
				GCC_WARN_ABOUT_RETURN_TYPE = YES_ERROR;
				GCC_WARN_UNDECLARED_SELECTOR = YES;
				GCC_WARN_UNINITIALIZED_AUTOS = YES_AGGRESSIVE;
				GCC_WARN_UNUSED_FUNCTION = YES;
				GCC_WARN_UNUSED_VARIABLE = YES;
				IPHONEOS_DEPLOYMENT_TARGET = 13.4;
				MTL_ENABLE_DEBUG_INFO = NO;
				MTL_FAST_MATH = YES;
				SDKROOT = iphoneos;
				SWIFT_COMPILATION_MODE = wholemodule;
				SWIFT_OPTIMIZATION_LEVEL = "-O";
				VALIDATE_PRODUCT = YES;
			};
			name = Release;
		};
		B5212C5028477D2800F01451 /* Debug */ = {
			isa = XCBuildConfiguration;
			buildSettings = {
				ASSETCATALOG_COMPILER_APPICON_NAME = AppIcon;
				CODE_SIGN_STYLE = Automatic;
				INFOPLIST_FILE = SimpleTable/Info.plist;
				LD_RUNPATH_SEARCH_PATHS = (
					"$(inherited)",
					"@executable_path/Frameworks",
				);
				PRODUCT_BUNDLE_IDENTIFIER = com.SimpleTable;
				PRODUCT_NAME = "$(TARGET_NAME)";
				SWIFT_VERSION = 5.0;
				TARGETED_DEVICE_FAMILY = "1,2";
			};
			name = Debug;
		};
		B5212C5128477D2800F01451 /* Release */ = {
			isa = XCBuildConfiguration;
			buildSettings = {
				ASSETCATALOG_COMPILER_APPICON_NAME = AppIcon;
				CODE_SIGN_STYLE = Automatic;
				INFOPLIST_FILE = SimpleTable/Info.plist;
				LD_RUNPATH_SEARCH_PATHS = (
					"$(inherited)",
					"@executable_path/Frameworks",
				);
				PRODUCT_BUNDLE_IDENTIFIER = com.SimpleTable;
				PRODUCT_NAME = "$(TARGET_NAME)";
				SWIFT_VERSION = 5.0;
				TARGETED_DEVICE_FAMILY = "1,2";
			};
			name = Release;
		};
/* End XCBuildConfiguration section */

/* Begin XCConfigurationList section */
		B5212C3628477D1E00F01451 /* Build configuration list for PBXProject "SimpleTable" */ = {
			isa = XCConfigurationList;
			buildConfigurations = (
				B5212C4D28477D2800F01451 /* Debug */,
				B5212C4E28477D2800F01451 /* Release */,
			);
			defaultConfigurationIsVisible = 0;
			defaultConfigurationName = Release;
		};
		B5212C4F28477D2800F01451 /* Build configuration list for PBXNativeTarget "SimpleTable" */ = {
			isa = XCConfigurationList;
			buildConfigurations = (
				B5212C5028477D2800F01451 /* Debug */,
				B5212C5128477D2800F01451 /* Release */,
			);
			defaultConfigurationIsVisible = 0;
			defaultConfigurationName = Release;
		};
/* End XCConfigurationList section */
	};
	rootObject = B5212C3328477D1E00F01451 /* Project object */;
}
